<?xml version="1.0" encoding="utf-8"?>
<Project ToolsVersion="4.0" xmlns="http://schemas.microsoft.com/developer/msbuild/2003">
  <ItemGroup>
    <ClCompile Include="main.cpp" />
    <ClCompile Include="IVR.cpp">
      <Filter>include_cpp</Filter>
    </ClCompile>
    <ClCompile Include="Queue.cpp">
      <Filter>include_cpp</Filter>
    </ClCompile>
    <ClCompile Include="ActiveSip.cpp">
      <Filter>include_cpp</Filter>
    </ClCompile>
    <ClCompile Include="InternalFunction.cpp">
      <Filter>include_cpp</Filter>
    </ClCompile>
  </ItemGroup>
  <ItemGroup>
    <Filter Include="include_cpp">
      <UniqueIdentifier>{5e4669d3-3602-4464-96f3-3e84b792606d}</UniqueIdentifier>
    </Filter>
    <Filter Include="include_h">
      <UniqueIdentifier>{34a51258-0f14-4d7e-b5cf-77b0edafe02e}</UniqueIdentifier>
    </Filter>
    <Filter Include="mysql">
      <UniqueIdentifier>{c4a5eade-9dca-4467-8b25-d7f61c0b89a4}</UniqueIdentifier>
    </Filter>
    <Filter Include="mysql\mysql">
      <UniqueIdentifier>{69182695-021c-40ec-bca8-10880ec7a8ca}</UniqueIdentifier>
    </Filter>
  </ItemGroup>
  <ItemGroup>
    <ClInclude Include="IVR.h">
      <Filter>include_h</Filter>
    </ClInclude>
    <ClInclude Include="Queue.h">
      <Filter>include_h</Filter>
    </ClInclude>
    <ClInclude Include="Constants.h">
      <Filter>include_h</Filter>
    </ClInclude>
    <ClInclude Include="ActiveSip.h">
      <Filter>include_h</Filter>
    </ClInclude>
    <ClInclude Include="InternalFunction.h">
      <Filter>include_h</Filter>
    </ClInclude>
    <ClInclude Include="mysql\errmsg.h">
      <Filter>mysql</Filter>
    </ClInclude>
    <ClInclude Include="mysql\field_types.h">
      <Filter>mysql</Filter>
    </ClInclude>
    <ClInclude Include="mysql\my_command.h">
      <Filter>mysql</Filter>
    </ClInclude>
    <ClInclude Include="mysql\my_compress.h">
      <Filter>mysql</Filter>
    </ClInclude>
    <ClInclude Include="mysql\my_list.h">
      <Filter>mysql</Filter>
    </ClInclude>
    <ClInclude Include="mysql\mysql.h">
      <Filter>mysql</Filter>
    </ClInclude>
    <ClInclude Include="mysql\mysql_com.h">
      <Filter>mysql</Filter>
    </ClInclude>
    <ClInclude Include="mysql\mysql_time.h">
      <Filter>mysql</Filter>
    </ClInclude>
    <ClInclude Include="mysql\mysql_version.h">
      <Filter>mysql</Filter>
    </ClInclude>
    <ClInclude Include="mysql\mysqld_error.h">
      <Filter>mysql</Filter>
    </ClInclude>
    <ClInclude Include="mysql\mysqlx_ername.h">
      <Filter>mysql</Filter>
    </ClInclude>
    <ClInclude Include="mysql\mysqlx_error.h">
      <Filter>mysql</Filter>
    </ClInclude>
    <ClInclude Include="mysql\mysqlx_version.h">
      <Filter>mysql</Filter>
    </ClInclude>
    <ClInclude Include="mysql\mysql\client_plugin.h">
      <Filter>mysql\mysql</Filter>
    </ClInclude>
    <ClInclude Include="mysql\mysql\plugin_auth_common.h">
      <Filter>mysql\mysql</Filter>
    </ClInclude>
    <ClInclude Include="mysql\mysql\udf_registration_types.h">
      <Filter>mysql\mysql</Filter>
    </ClInclude>
  </ItemGroup>
</Project>